
Microsoft Visual Studio Solution File, Format Version 12.00
# Visual Studio 15
VisualStudioVersion = 15.0.28307.757
MinimumVisualStudioVersion = 10.0.40219.1
Project("{FAE04EC0-301F-11D3-BF4B-00C04F79EFBC}") = "OpenAndClosed", "OpenAndClosed\OpenAndClosed.csproj", "{F8996BC7-F7A7-401B-805F-E088AF1F9C4A}"
EndProject
Global
	GlobalSection(SolutionConfigurationPlatforms) = preSolution
		Debug|Any CPU = Debug|Any CPU
		Release|Any CPU = Release|Any CPU
	EndGlobalSection
	GlobalSection(ProjectConfigurationPlatforms) = postSolution
		{F8996BC7-F7A7-401B-805F-E088AF1F9C4A}.Debug|Any CPU.ActiveCfg = Debug|Any CPU
		{F8996BC7-F7A7-401B-805F-E088AF1F9C4A}.Debug|Any CPU.Build.0 = Debug|Any CPU
		{F8996BC7-F7A7-401B-805F-E088AF1F9C4A}.Release|Any CPU.ActiveCfg = Release|Any CPU
		{F8996BC7-F7A7-401B-805F-E088AF1F9C4A}.Release|Any CPU.Build.0 = Release|Any CPU
	EndGlobalSection
	GlobalSection(SolutionProperties) = preSolution
		HideSolutionNode = FALSE
	EndGlobalSection
	GlobalSection(ExtensibilityGlobals) = postSolution
		SolutionGuid = {8ECBAD61-28D9-446C-9F15-59B15B1D93DB}
	EndGlobalSection
EndGlobal
